
Microsoft Visual Studio Solution File, Format Version 12.00
# Visual Studio 15
VisualStudioVersion = 15.0.28010.2036
MinimumVisualStudioVersion = 10.0.40219.1
Project("{FAE04EC0-301F-11D3-BF4B-00C04F79EFBC}") = "App5.Android", "App5\App5.Android\App5.Android.csproj", "{90E26BA1-1304-455A-B182-45E9833E8B78}"
EndProject
Project("{FAE04EC0-301F-11D3-BF4B-00C04F79EFBC}") = "App5.iOS", "App5\App5.iOS\App5.iOS.csproj", "{28172715-0F79-4B43-935D-7C966E9CC250}"
EndProject
Project("{FAE04EC0-301F-11D3-BF4B-00C04F79EFBC}") = "App5.UWP", "App5\App5.UWP\App5.UWP.csproj", "{BF27A79A-6712-4637-88BE-298C2EEDB075}"
EndProject
Project("{FAE04EC0-301F-11D3-BF4B-00C04F79EFBC}") = "App5", "App5\App5\App5.csproj", "{29F1EA8F-A125-4C1B-853D-E4BB36EEFC8C}"
EndProject
Global
	GlobalSection(SolutionConfigurationPlatforms) = preSolution
		Ad-Hoc|Any CPU = Ad-Hoc|Any CPU
		Ad-Hoc|ARM = Ad-Hoc|ARM
		Ad-Hoc|iPhone = Ad-Hoc|iPhone
		Ad-Hoc|iPhoneSimulator = Ad-Hoc|iPhoneSimulator
		Ad-Hoc|x64 = Ad-Hoc|x64
		Ad-Hoc|x86 = Ad-Hoc|x86
		AppStore|Any CPU = AppStore|Any CPU
		AppStore|ARM = AppStore|ARM
		AppStore|iPhone = AppStore|iPhone
		AppStore|iPhoneSimulator = AppStore|iPhoneSimulator
		AppStore|x64 = AppStore|x64
		AppStore|x86 = AppStore|x86
		Debug|Any CPU = Debug|Any CPU
		Debug|ARM = Debug|ARM
		Debug|iPhone = Debug|iPhone
		Debug|iPhoneSimulator = Debug|iPhoneSimulator
		Debug|x64 = Debug|x64
		Debug|x86 = Debug|x86
		Release|Any CPU = Release|Any CPU
		Release|ARM = Release|ARM
		Release|iPhone = Release|iPhone
		Release|iPhoneSimulator = Release|iPhoneSimulator
		Release|x64 = Release|x64
		Release|x86 = Release|x86
	EndGlobalSection
	GlobalSection(ProjectConfigurationPlatforms) = postSolution
		{90E26BA1-1304-455A-B182-45E9833E8B78}.Ad-Hoc|Any CPU.ActiveCfg = Release|Any CPU
		{90E26BA1-1304-455A-B182-45E9833E8B78}.Ad-Hoc|Any CPU.Build.0 = Release|Any CPU
		{90E26BA1-1304-455A-B182-45E9833E8B78}.Ad-Hoc|Any CPU.Deploy.0 = Release|Any CPU
		{90E26BA1-1304-455A-B182-45E9833E8B78}.Ad-Hoc|ARM.ActiveCfg = Release|Any CPU
		{90E26BA1-1304-455A-B182-45E9833E8B78}.Ad-Hoc|ARM.Build.0 = Release|Any CPU
		{90E26BA1-1304-455A-B182-45E9833E8B78}.Ad-Hoc|ARM.Deploy.0 = Release|Any CPU
		{90E26BA1-1304-455A-B182-45E9833E8B78}.Ad-Hoc|iPhone.ActiveCfg = Release|Any CPU
		{90E26BA1-1304-455A-B182-45E9833E8B78}.Ad-Hoc|iPhone.Build.0 = Release|Any CPU
		{90E26BA1-1304-455A-B182-45E9833E8B78}.Ad-Hoc|iPhone.Deploy.0 = Release|Any CPU
		{90E26BA1-1304-455A-B182-45E9833E8B78}.Ad-Hoc|iPhoneSimulator.ActiveCfg = Release|Any CPU
		{90E26BA1-1304-455A-B182-45E9833E8B78}.Ad-Hoc|iPhoneSimulator.Build.0 = Release|Any CPU
		{90E26BA1-1304-455A-B182-45E9833E8B78}.Ad-Hoc|iPhoneSimulator.Deploy.0 = Release|Any CPU
		{90E26BA1-1304-455A-B182-45E9833E8B78}.Ad-Hoc|x64.ActiveCfg = Release|Any CPU
		{90E26BA1-1304-455A-B182-45E9833E8B78}.Ad-Hoc|x64.Build.0 = Release|Any CPU
		{90E26BA1-1304-455A-B182-45E9833E8B78}.Ad-Hoc|x64.Deploy.0 = Release|Any CPU
		{90E26BA1-1304-455A-B182-45E9833E8B78}.Ad-Hoc|x86.ActiveCfg = Release|Any CPU
		{90E26BA1-1304-455A-B182-45E9833E8B78}.Ad-Hoc|x86.Build.0 = Release|Any CPU
		{90E26BA1-1304-455A-B182-45E9833E8B78}.Ad-Hoc|x86.Deploy.0 = Release|Any CPU
		{90E26BA1-1304-455A-B182-45E9833E8B78}.AppStore|Any CPU.ActiveCfg = Release|Any CPU
		{90E26BA1-1304-455A-B182-45E9833E8B78}.AppStore|Any CPU.Build.0 = Release|Any CPU
		{90E26BA1-1304-455A-B182-45E9833E8B78}.AppStore|Any CPU.Deploy.0 = Release|Any CPU
		{90E26BA1-1304-455A-B182-45E9833E8B78}.AppStore|ARM.ActiveCfg = Release|Any CPU
		{90E26BA1-1304-455A-B182-45E9833E8B78}.AppStore|ARM.Build.0 = Release|Any CPU
		{90E26BA1-1304-455A-B182-45E9833E8B78}.AppStore|ARM.Deploy.0 = Release|Any CPU
		{90E26BA1-1304-455A-B182-45E9833E8B78}.AppStore|iPhone.ActiveCfg = Release|Any CPU
		{90E26BA1-1304-455A-B182-45E9833E8B78}.AppStore|iPhone.Build.0 = Release|Any CPU
		{90E26BA1-1304-455A-B182-45E9833E8B78}.AppStore|iPhone.Deploy.0 = Release|Any CPU
		{90E26BA1-1304-455A-B182-45E9833E8B78}.AppStore|iPhoneSimulator.ActiveCfg = Release|Any CPU
		{90E26BA1-1304-455A-B182-45E9833E8B78}.AppStore|iPhoneSimulator.Build.0 = Release|Any CPU
		{90E26BA1-1304-455A-B182-45E9833E8B78}.AppStore|iPhoneSimulator.Deploy.0 = Release|Any CPU
		{90E26BA1-1304-455A-B182-45E9833E8B78}.AppStore|x64.ActiveCfg = Release|Any CPU
		{90E26BA1-1304-455A-B182-45E9833E8B78}.AppStore|x64.Build.0 = Release|Any CPU
		{90E26BA1-1304-455A-B182-45E9833E8B78}.AppStore|x64.Deploy.0 = Release|Any CPU
		{90E26BA1-1304-455A-B182-45E9833E8B78}.AppStore|x86.ActiveCfg = Release|Any CPU
		{90E26BA1-1304-455A-B182-45E9833E8B78}.AppStore|x86.Build.0 = Release|Any CPU
		{90E26BA1-1304-455A-B182-45E9833E8B78}.AppStore|x86.Deploy.0 = Release|Any CPU
		{90E26BA1-1304-455A-B182-45E9833E8B78}.Debug|Any CPU.ActiveCfg = Debug|Any CPU
		{90E26BA1-1304-455A-B182-45E9833E8B78}.Debug|Any CPU.Build.0 = Debug|Any CPU
		{90E26BA1-1304-455A-B182-45E9833E8B78}.Debug|Any CPU.Deploy.0 = Debug|Any CPU
		{90E26BA1-1304-455A-B182-45E9833E8B78}.Debug|ARM.ActiveCfg = Debug|Any CPU
		{90E26BA1-1304-455A-B182-45E9833E8B78}.Debug|ARM.Build.0 = Debug|Any CPU
		{90E26BA1-1304-455A-B182-45E9833E8B78}.Debug|ARM.Deploy.0 = Debug|Any CPU
		{90E26BA1-1304-455A-B182-45E9833E8B78}.Debug|iPhone.ActiveCfg = Debug|Any CPU
		{90E26BA1-1304-455A-B182-45E9833E8B78}.Debug|iPhone.Build.0 = Debug|Any CPU
		{90E26BA1-1304-455A-B182-45E9833E8B78}.Debug|iPhone.Deploy.0 = Debug|Any CPU
		{90E26BA1-1304-455A-B182-45E9833E8B78}.Debug|iPhoneSimulator.ActiveCfg = Debug|Any CPU
		{90E26BA1-1304-455A-B182-45E9833E8B78}.Debug|iPhoneSimulator.Build.0 = Debug|Any CPU
		{90E26BA1-1304-455A-B182-45E9833E8B78}.Debug|iPhoneSimulator.Deploy.0 = Debug|Any CPU
		{90E26BA1-1304-455A-B182-45E9833E8B78}.Debug|x64.ActiveCfg = Debug|Any CPU
		{90E26BA1-1304-455A-B182-45E9833E8B78}.Debug|x64.Build.0 = Debug|Any CPU
		{90E26BA1-1304-455A-B182-45E9833E8B78}.Debug|x64.Deploy.0 = Debug|Any CPU
		{90E26BA1-1304-455A-B182-45E9833E8B78}.Debug|x86.ActiveCfg = Debug|Any CPU
		{90E26BA1-1304-455A-B182-45E9833E8B78}.Debug|x86.Build.0 = Debug|Any CPU
		{90E26BA1-1304-455A-B182-45E9833E8B78}.Debug|x86.Deploy.0 = Debug|Any CPU
		{90E26BA1-1304-455A-B182-45E9833E8B78}.Release|Any CPU.ActiveCfg = Release|Any CPU
		{90E26BA1-1304-455A-B182-45E9833E8B78}.Release|Any CPU.Build.0 = Release|Any CPU
		{90E26BA1-1304-455A-B182-45E9833E8B78}.Release|Any CPU.Deploy.0 = Release|Any CPU
		{90E26BA1-1304-455A-B182-45E9833E8B78}.Release|ARM.ActiveCfg = Release|Any CPU
		{90E26BA1-1304-455A-B182-45E9833E8B78}.Release|ARM.Build.0 = Release|Any CPU
		{90E26BA1-1304-455A-B182-45E9833E8B78}.Release|ARM.Deploy.0 = Release|Any CPU
		{90E26BA1-1304-455A-B182-45E9833E8B78}.Release|iPhone.ActiveCfg = Release|Any CPU
		{90E26BA1-1304-455A-B182-45E9833E8B78}.Release|iPhone.Build.0 = Release|Any CPU
		{90E26BA1-1304-455A-B182-45E9833E8B78}.Release|iPhone.Deploy.0 = Release|Any CPU
		{90E26BA1-1304-455A-B182-45E9833E8B78}.Release|iPhoneSimulator.ActiveCfg = Release|Any CPU
		{90E26BA1-1304-455A-B182-45E9833E8B78}.Release|iPhoneSimulator.Build.0 = Release|Any CPU
		{90E26BA1-1304-455A-B182-45E9833E8B78}.Release|iPhoneSimulator.Deploy.0 = Release|Any CPU
		{90E26BA1-1304-455A-B182-45E9833E8B78}.Release|x64.ActiveCfg = Release|Any CPU
		{90E26BA1-1304-455A-B182-45E9833E8B78}.Release|x64.Build.0 = Release|Any CPU
		{90E26BA1-1304-455A-B182-45E9833E8B78}.Release|x64.Deploy.0 = Release|Any CPU
		{90E26BA1-1304-455A-B182-45E9833E8B78}.Release|x86.ActiveCfg = Release|Any CPU
		{90E26BA1-1304-455A-B182-45E9833E8B78}.Release|x86.Build.0 = Release|Any CPU
		{90E26BA1-1304-455A-B182-45E9833E8B78}.Release|x86.Deploy.0 = Release|Any CPU
		{28172715-0F79-4B43-935D-7C966E9CC250}.Ad-Hoc|Any CPU.ActiveCfg = Ad-Hoc|iPhone
		{28172715-0F79-4B43-935D-7C966E9CC250}.Ad-Hoc|Any CPU.Build.0 = Ad-Hoc|iPhone
		{28172715-0F79-4B43-935D-7C966E9CC250}.Ad-Hoc|Any CPU.Deploy.0 = Ad-Hoc|iPhone
		{28172715-0F79-4B43-935D-7C966E9CC250}.Ad-Hoc|ARM.ActiveCfg = Ad-Hoc|iPhone
		{28172715-0F79-4B43-935D-7C966E9CC250}.Ad-Hoc|ARM.Build.0 = Ad-Hoc|iPhone
		{28172715-0F79-4B43-935D-7C966E9CC250}.Ad-Hoc|ARM.Deploy.0 = Ad-Hoc|iPhone
		{28172715-0F79-4B43-935D-7C966E9CC250}.Ad-Hoc|iPhone.ActiveCfg = Ad-Hoc|iPhone
		{28172715-0F79-4B43-935D-7C966E9CC250}.Ad-Hoc|iPhone.Build.0 = Ad-Hoc|iPhone
		{28172715-0F79-4B43-935D-7C966E9CC250}.Ad-Hoc|iPhone.Deploy.0 = Ad-Hoc|iPhone
		{28172715-0F79-4B43-935D-7C966E9CC250}.Ad-Hoc|iPhoneSimulator.ActiveCfg = Ad-Hoc|iPhoneSimulator
		{28172715-0F79-4B43-935D-7C966E9CC250}.Ad-Hoc|iPhoneSimulator.Build.0 = Ad-Hoc|iPhoneSimulator
		{28172715-0F79-4B43-935D-7C966E9CC250}.Ad-Hoc|iPhoneSimulator.Deploy.0 = Ad-Hoc|iPhoneSimulator
		{28172715-0F79-4B43-935D-7C966E9CC250}.Ad-Hoc|x64.ActiveCfg = Ad-Hoc|iPhone
		{28172715-0F79-4B43-935D-7C966E9CC250}.Ad-Hoc|x64.Build.0 = Ad-Hoc|iPhone
		{28172715-0F79-4B43-935D-7C966E9CC250}.Ad-Hoc|x64.Deploy.0 = Ad-Hoc|iPhone
		{28172715-0F79-4B43-935D-7C966E9CC250}.Ad-Hoc|x86.ActiveCfg = Ad-Hoc|iPhone
		{28172715-0F79-4B43-935D-7C966E9CC250}.Ad-Hoc|x86.Build.0 = Ad-Hoc|iPhone
		{28172715-0F79-4B43-935D-7C966E9CC250}.Ad-Hoc|x86.Deploy.0 = Ad-Hoc|iPhone
		{28172715-0F79-4B43-935D-7C966E9CC250}.AppStore|Any CPU.ActiveCfg = AppStore|iPhone
		{28172715-0F79-4B43-935D-7C966E9CC250}.AppStore|Any CPU.Build.0 = AppStore|iPhone
		{28172715-0F79-4B43-935D-7C966E9CC250}.AppStore|Any CPU.Deploy.0 = AppStore|iPhone
		{28172715-0F79-4B43-935D-7C966E9CC250}.AppStore|ARM.ActiveCfg = AppStore|iPhone
		{28172715-0F79-4B43-935D-7C966E9CC250}.AppStore|ARM.Build.0 = AppStore|iPhone
		{28172715-0F79-4B43-935D-7C966E9CC250}.AppStore|ARM.Deploy.0 = AppStore|iPhone
		{28172715-0F79-4B43-935D-7C966E9CC250}.AppStore|iPhone.ActiveCfg = AppStore|iPhone
		{28172715-0F79-4B43-935D-7C966E9CC250}.AppStore|iPhone.Build.0 = AppStore|iPhone
		{28172715-0F79-4B43-935D-7C966E9CC250}.AppStore|iPhone.Deploy.0 = AppStore|iPhone
		{28172715-0F79-4B43-935D-7C966E9CC250}.AppStore|iPhoneSimulator.ActiveCfg = AppStore|iPhoneSimulator
		{28172715-0F79-4B43-935D-7C966E9CC250}.AppStore|iPhoneSimulator.Build.0 = AppStore|iPhoneSimulator
		{28172715-0F79-4B43-935D-7C966E9CC250}.AppStore|iPhoneSimulator.Deploy.0 = AppStore|iPhoneSimulator
		{28172715-0F79-4B43-935D-7C966E9CC250}.AppStore|x64.ActiveCfg = AppStore|iPhone
		{28172715-0F79-4B43-935D-7C966E9CC250}.AppStore|x64.Build.0 = AppStore|iPhone
		{28172715-0F79-4B43-935D-7C966E9CC250}.AppStore|x64.Deploy.0 = AppStore|iPhone
		{28172715-0F79-4B43-935D-7C966E9CC250}.AppStore|x86.ActiveCfg = AppStore|iPhone
		{28172715-0F79-4B43-935D-7C966E9CC250}.AppStore|x86.Build.0 = AppStore|iPhone
		{28172715-0F79-4B43-935D-7C966E9CC250}.AppStore|x86.Deploy.0 = AppStore|iPhone
		{28172715-0F79-4B43-935D-7C966E9CC250}.Debug|Any CPU.ActiveCfg = Debug|iPhoneSimulator
		{28172715-0F79-4B43-935D-7C966E9CC250}.Debug|Any CPU.Build.0 = Debug|iPhoneSimulator
		{28172715-0F79-4B43-935D-7C966E9CC250}.Debug|Any CPU.Deploy.0 = Debug|iPhoneSimulator
		{28172715-0F79-4B43-935D-7C966E9CC250}.Debug|ARM.ActiveCfg = Debug|iPhone
		{28172715-0F79-4B43-935D-7C966E9CC250}.Debug|ARM.Build.0 = Debug|iPhone
		{28172715-0F79-4B43-935D-7C966E9CC250}.Debug|ARM.Deploy.0 = Debug|iPhone
		{28172715-0F79-4B43-935D-7C966E9CC250}.Debug|iPhone.ActiveCfg = Debug|iPhone
		{28172715-0F79-4B43-935D-7C966E9CC250}.Debug|iPhone.Build.0 = Debug|iPhone
		{28172715-0F79-4B43-935D-7C966E9CC250}.Debug|iPhone.Deploy.0 = Debug|iPhone
		{28172715-0F79-4B43-935D-7C966E9CC250}.Debug|iPhoneSimulator.ActiveCfg = Debug|iPhoneSimulator
		{28172715-0F79-4B43-935D-7C966E9CC250}.Debug|iPhoneSimulator.Build.0 = Debug|iPhoneSimulator
		{28172715-0F79-4B43-935D-7C966E9CC250}.Debug|iPhoneSimulator.Deploy.0 = Debug|iPhoneSimulator
		{28172715-0F79-4B43-935D-7C966E9CC250}.Debug|x64.ActiveCfg = Debug|iPhone
		{28172715-0F79-4B43-935D-7C966E9CC250}.Debug|x64.Build.0 = Debug|iPhone
		{28172715-0F79-4B43-935D-7C966E9CC250}.Debug|x64.Deploy.0 = Debug|iPhone
		{28172715-0F79-4B43-935D-7C966E9CC250}.Debug|x86.ActiveCfg = Debug|iPhone
		{28172715-0F79-4B43-935D-7C966E9CC250}.Debug|x86.Build.0 = Debug|iPhone
		{28172715-0F79-4B43-935D-7C966E9CC250}.Debug|x86.Deploy.0 = Debug|iPhone
		{28172715-0F79-4B43-935D-7C966E9CC250}.Release|Any CPU.ActiveCfg = Release|iPhone
		{28172715-0F79-4B43-935D-7C966E9CC250}.Release|Any CPU.Build.0 = Release|iPhone
		{28172715-0F79-4B43-935D-7C966E9CC250}.Release|Any CPU.Deploy.0 = Release|iPhone
		{28172715-0F79-4B43-935D-7C966E9CC250}.Release|ARM.ActiveCfg = Release|iPhone
		{28172715-0F79-4B43-935D-7C966E9CC250}.Release|ARM.Build.0 = Release|iPhone
		{28172715-0F79-4B43-935D-7C966E9CC250}.Release|ARM.Deploy.0 = Release|iPhone
		{28172715-0F79-4B43-935D-7C966E9CC250}.Release|iPhone.ActiveCfg = Release|iPhone
		{28172715-0F79-4B43-935D-7C966E9CC250}.Release|iPhone.Build.0 = Release|iPhone
		{28172715-0F79-4B43-935D-7C966E9CC250}.Release|iPhone.Deploy.0 = Release|iPhone
		{28172715-0F79-4B43-935D-7C966E9CC250}.Release|iPhoneSimulator.ActiveCfg = Release|iPhoneSimulator
		{28172715-0F79-4B43-935D-7C966E9CC250}.Release|iPhoneSimulator.Build.0 = Release|iPhoneSimulator
		{28172715-0F79-4B43-935D-7C966E9CC250}.Release|iPhoneSimulator.Deploy.0 = Release|iPhoneSimulator
		{28172715-0F79-4B43-935D-7C966E9CC250}.Release|x64.ActiveCfg = Release|iPhone
		{28172715-0F79-4B43-935D-7C966E9CC250}.Release|x64.Build.0 = Release|iPhone
		{28172715-0F79-4B43-935D-7C966E9CC250}.Release|x64.Deploy.0 = Release|iPhone
		{28172715-0F79-4B43-935D-7C966E9CC250}.Release|x86.ActiveCfg = Release|iPhone
		{28172715-0F79-4B43-935D-7C966E9CC250}.Release|x86.Build.0 = Release|iPhone
		{28172715-0F79-4B43-935D-7C966E9CC250}.Release|x86.Deploy.0 = Release|iPhone
		{BF27A79A-6712-4637-88BE-298C2EEDB075}.Ad-Hoc|Any CPU.ActiveCfg = Release|x86
		{BF27A79A-6712-4637-88BE-298C2EEDB075}.Ad-Hoc|Any CPU.Build.0 = Release|x86
		{BF27A79A-6712-4637-88BE-298C2EEDB075}.Ad-Hoc|Any CPU.Deploy.0 = Release|x86
		{BF27A79A-6712-4637-88BE-298C2EEDB075}.Ad-Hoc|ARM.ActiveCfg = Release|ARM
		{BF27A79A-6712-4637-88BE-298C2EEDB075}.Ad-Hoc|ARM.Build.0 = Release|ARM
		{BF27A79A-6712-4637-88BE-298C2EEDB075}.Ad-Hoc|ARM.Deploy.0 = Release|ARM
		{BF27A79A-6712-4637-88BE-298C2EEDB075}.Ad-Hoc|iPhone.ActiveCfg = Release|x86
		{BF27A79A-6712-4637-88BE-298C2EEDB075}.Ad-Hoc|iPhone.Build.0 = Release|x86
		{BF27A79A-6712-4637-88BE-298C2EEDB075}.Ad-Hoc|iPhone.Deploy.0 = Release|x86
		{BF27A79A-6712-4637-88BE-298C2EEDB075}.Ad-Hoc|iPhoneSimulator.ActiveCfg = Release|x86
		{BF27A79A-6712-4637-88BE-298C2EEDB075}.Ad-Hoc|iPhoneSimulator.Build.0 = Release|x86
		{BF27A79A-6712-4637-88BE-298C2EEDB075}.Ad-Hoc|iPhoneSimulator.Deploy.0 = Release|x86
		{BF27A79A-6712-4637-88BE-298C2EEDB075}.Ad-Hoc|x64.ActiveCfg = Release|x64
		{BF27A79A-6712-4637-88BE-298C2EEDB075}.Ad-Hoc|x64.Build.0 = Release|x64
		{BF27A79A-6712-4637-88BE-298C2EEDB075}.Ad-Hoc|x64.Deploy.0 = Release|x64
		{BF27A79A-6712-4637-88BE-298C2EEDB075}.Ad-Hoc|x86.ActiveCfg = Release|x86
		{BF27A79A-6712-4637-88BE-298C2EEDB075}.Ad-Hoc|x86.Build.0 = Release|x86
		{BF27A79A-6712-4637-88BE-298C2EEDB075}.Ad-Hoc|x86.Deploy.0 = Release|x86
		{BF27A79A-6712-4637-88BE-298C2EEDB075}.AppStore|Any CPU.ActiveCfg = Release|x86
		{BF27A79A-6712-4637-88BE-298C2EEDB075}.AppStore|Any CPU.Build.0 = Release|x86
		{BF27A79A-6712-4637-88BE-298C2EEDB075}.AppStore|Any CPU.Deploy.0 = Release|x86
		{BF27A79A-6712-4637-88BE-298C2EEDB075}.AppStore|ARM.ActiveCfg = Release|ARM
		{BF27A79A-6712-4637-88BE-298C2EEDB075}.AppStore|ARM.Build.0 = Release|ARM
		{BF27A79A-6712-4637-88BE-298C2EEDB075}.AppStore|ARM.Deploy.0 = Release|ARM
		{BF27A79A-6712-4637-88BE-298C2EEDB075}.AppStore|iPhone.ActiveCfg = Release|x86
		{BF27A79A-6712-4637-88BE-298C2EEDB075}.AppStore|iPhone.Build.0 = Release|x86
		{BF27A79A-6712-4637-88BE-298C2EEDB075}.AppStore|iPhone.Deploy.0 = Release|x86
		{BF27A79A-6712-4637-88BE-298C2EEDB075}.AppStore|iPhoneSimulator.ActiveCfg = Release|x86
		{BF27A79A-6712-4637-88BE-298C2EEDB075}.AppStore|iPhoneSimulator.Build.0 = Release|x86
		{BF27A79A-6712-4637-88BE-298C2EEDB075}.AppStore|iPhoneSimulator.Deploy.0 = Release|x86
		{BF27A79A-6712-4637-88BE-298C2EEDB075}.AppStore|x64.ActiveCfg = Release|x64
		{BF27A79A-6712-4637-88BE-298C2EEDB075}.AppStore|x64.Build.0 = Release|x64
		{BF27A79A-6712-4637-88BE-298C2EEDB075}.AppStore|x64.Deploy.0 = Release|x64
		{BF27A79A-6712-4637-88BE-298C2EEDB075}.AppStore|x86.ActiveCfg = Release|x86
		{BF27A79A-6712-4637-88BE-298C2EEDB075}.AppStore|x86.Build.0 = Release|x86
		{BF27A79A-6712-4637-88BE-298C2EEDB075}.AppStore|x86.Deploy.0 = Release|x86
		{BF27A79A-6712-4637-88BE-298C2EEDB075}.Debug|Any CPU.ActiveCfg = Debug|x86
		{BF27A79A-6712-4637-88BE-298C2EEDB075}.Debug|Any CPU.Build.0 = Debug|x86
		{BF27A79A-6712-4637-88BE-298C2EEDB075}.Debug|Any CPU.Deploy.0 = Debug|x86
		{BF27A79A-6712-4637-88BE-298C2EEDB075}.Debug|ARM.ActiveCfg = Debug|ARM
		{BF27A79A-6712-4637-88BE-298C2EEDB075}.Debug|ARM.Build.0 = Debug|ARM
		{BF27A79A-6712-4637-88BE-298C2EEDB075}.Debug|ARM.Deploy.0 = Debug|ARM
		{BF27A79A-6712-4637-88BE-298C2EEDB075}.Debug|iPhone.ActiveCfg = Debug|x86
		{BF27A79A-6712-4637-88BE-298C2EEDB075}.Debug|iPhone.Build.0 = Debug|x86
		{BF27A79A-6712-4637-88BE-298C2EEDB075}.Debug|iPhone.Deploy.0 = Debug|x86
		{BF27A79A-6712-4637-88BE-298C2EEDB075}.Debug|iPhoneSimulator.ActiveCfg = Debug|x86
		{BF27A79A-6712-4637-88BE-298C2EEDB075}.Debug|iPhoneSimulator.Build.0 = Debug|x86
		{BF27A79A-6712-4637-88BE-298C2EEDB075}.Debug|iPhoneSimulator.Deploy.0 = Debug|x86
		{BF27A79A-6712-4637-88BE-298C2EEDB075}.Debug|x64.ActiveCfg = Debug|x64
		{BF27A79A-6712-4637-88BE-298C2EEDB075}.Debug|x64.Build.0 = Debug|x64
		{BF27A79A-6712-4637-88BE-298C2EEDB075}.Debug|x64.Deploy.0 = Debug|x64
		{BF27A79A-6712-4637-88BE-298C2EEDB075}.Debug|x86.ActiveCfg = Debug|x86
		{BF27A79A-6712-4637-88BE-298C2EEDB075}.Debug|x86.Build.0 = Debug|x86
		{BF27A79A-6712-4637-88BE-298C2EEDB075}.Debug|x86.Deploy.0 = Debug|x86
		{BF27A79A-6712-4637-88BE-298C2EEDB075}.Release|Any CPU.ActiveCfg = Release|x86
		{BF27A79A-6712-4637-88BE-298C2EEDB075}.Release|Any CPU.Build.0 = Release|x86
		{BF27A79A-6712-4637-88BE-298C2EEDB075}.Release|Any CPU.Deploy.0 = Release|x86
		{BF27A79A-6712-4637-88BE-298C2EEDB075}.Release|ARM.ActiveCfg = Release|ARM
		{BF27A79A-6712-4637-88BE-298C2EEDB075}.Release|ARM.Build.0 = Release|ARM
		{BF27A79A-6712-4637-88BE-298C2EEDB075}.Release|ARM.Deploy.0 = Release|ARM
		{BF27A79A-6712-4637-88BE-298C2EEDB075}.Release|iPhone.ActiveCfg = Release|x86
		{BF27A79A-6712-4637-88BE-298C2EEDB075}.Release|iPhone.Build.0 = Release|x86
		{BF27A79A-6712-4637-88BE-298C2EEDB075}.Release|iPhone.Deploy.0 = Release|x86
		{BF27A79A-6712-4637-88BE-298C2EEDB075}.Release|iPhoneSimulator.ActiveCfg = Release|x86
		{BF27A79A-6712-4637-88BE-298C2EEDB075}.Release|iPhoneSimulator.Build.0 = Release|x86
		{BF27A79A-6712-4637-88BE-298C2EEDB075}.Release|iPhoneSimulator.Deploy.0 = Release|x86
		{BF27A79A-6712-4637-88BE-298C2EEDB075}.Release|x64.ActiveCfg = Release|x64
		{BF27A79A-6712-4637-88BE-298C2EEDB075}.Release|x64.Build.0 = Release|x64
		{BF27A79A-6712-4637-88BE-298C2EEDB075}.Release|x64.Deploy.0 = Release|x64
		{BF27A79A-6712-4637-88BE-298C2EEDB075}.Release|x86.ActiveCfg = Release|x86
		{BF27A79A-6712-4637-88BE-298C2EEDB075}.Release|x86.Build.0 = Release|x86
		{BF27A79A-6712-4637-88BE-298C2EEDB075}.Release|x86.Deploy.0 = Release|x86
		{29F1EA8F-A125-4C1B-853D-E4BB36EEFC8C}.Ad-Hoc|Any CPU.ActiveCfg = Debug|Any CPU
		{29F1EA8F-A125-4C1B-853D-E4BB36EEFC8C}.Ad-Hoc|Any CPU.Build.0 = Debug|Any CPU
		{29F1EA8F-A125-4C1B-853D-E4BB36EEFC8C}.Ad-Hoc|Any CPU.Deploy.0 = Debug|Any CPU
		{29F1EA8F-A125-4C1B-853D-E4BB36EEFC8C}.Ad-Hoc|ARM.ActiveCfg = Debug|Any CPU
		{29F1EA8F-A125-4C1B-853D-E4BB36EEFC8C}.Ad-Hoc|ARM.Build.0 = Debug|Any CPU
		{29F1EA8F-A125-4C1B-853D-E4BB36EEFC8C}.Ad-Hoc|ARM.Deploy.0 = Debug|Any CPU
		{29F1EA8F-A125-4C1B-853D-E4BB36EEFC8C}.Ad-Hoc|iPhone.ActiveCfg = Debug|Any CPU
		{29F1EA8F-A125-4C1B-853D-E4BB36EEFC8C}.Ad-Hoc|iPhone.Build.0 = Debug|Any CPU
		{29F1EA8F-A125-4C1B-853D-E4BB36EEFC8C}.Ad-Hoc|iPhone.Deploy.0 = Debug|Any CPU
		{29F1EA8F-A125-4C1B-853D-E4BB36EEFC8C}.Ad-Hoc|iPhoneSimulator.ActiveCfg = Debug|Any CPU
		{29F1EA8F-A125-4C1B-853D-E4BB36EEFC8C}.Ad-Hoc|iPhoneSimulator.Build.0 = Debug|Any CPU
		{29F1EA8F-A125-4C1B-853D-E4BB36EEFC8C}.Ad-Hoc|iPhoneSimulator.Deploy.0 = Debug|Any CPU
		{29F1EA8F-A125-4C1B-853D-E4BB36EEFC8C}.Ad-Hoc|x64.ActiveCfg = Debug|Any CPU
		{29F1EA8F-A125-4C1B-853D-E4BB36EEFC8C}.Ad-Hoc|x64.Build.0 = Debug|Any CPU
		{29F1EA8F-A125-4C1B-853D-E4BB36EEFC8C}.Ad-Hoc|x64.Deploy.0 = Debug|Any CPU
		{29F1EA8F-A125-4C1B-853D-E4BB36EEFC8C}.Ad-Hoc|x86.ActiveCfg = Debug|Any CPU
		{29F1EA8F-A125-4C1B-853D-E4BB36EEFC8C}.Ad-Hoc|x86.Build.0 = Debug|Any CPU
		{29F1EA8F-A125-4C1B-853D-E4BB36EEFC8C}.Ad-Hoc|x86.Deploy.0 = Debug|Any CPU
		{29F1EA8F-A125-4C1B-853D-E4BB36EEFC8C}.AppStore|Any CPU.ActiveCfg = Debug|Any CPU
		{29F1EA8F-A125-4C1B-853D-E4BB36EEFC8C}.AppStore|Any CPU.Build.0 = Debug|Any CPU
		{29F1EA8F-A125-4C1B-853D-E4BB36EEFC8C}.AppStore|Any CPU.Deploy.0 = Debug|Any CPU
		{29F1EA8F-A125-4C1B-853D-E4BB36EEFC8C}.AppStore|ARM.ActiveCfg = Debug|Any CPU
		{29F1EA8F-A125-4C1B-853D-E4BB36EEFC8C}.AppStore|ARM.Build.0 = Debug|Any CPU
		{29F1EA8F-A125-4C1B-853D-E4BB36EEFC8C}.AppStore|ARM.Deploy.0 = Debug|Any CPU
		{29F1EA8F-A125-4C1B-853D-E4BB36EEFC8C}.AppStore|iPhone.ActiveCfg = Debug|Any CPU
		{29F1EA8F-A125-4C1B-853D-E4BB36EEFC8C}.AppStore|iPhone.Build.0 = Debug|Any CPU
		{29F1EA8F-A125-4C1B-853D-E4BB36EEFC8C}.AppStore|iPhone.Deploy.0 = Debug|Any CPU
		{29F1EA8F-A125-4C1B-853D-E4BB36EEFC8C}.AppStore|iPhoneSimulator.ActiveCfg = Debug|Any CPU
		{29F1EA8F-A125-4C1B-853D-E4BB36EEFC8C}.AppStore|iPhoneSimulator.Build.0 = Debug|Any CPU
		{29F1EA8F-A125-4C1B-853D-E4BB36EEFC8C}.AppStore|iPhoneSimulator.Deploy.0 = Debug|Any CPU
		{29F1EA8F-A125-4C1B-853D-E4BB36EEFC8C}.AppStore|x64.ActiveCfg = Debug|Any CPU
		{29F1EA8F-A125-4C1B-853D-E4BB36EEFC8C}.AppStore|x64.Build.0 = Debug|Any CPU
		{29F1EA8F-A125-4C1B-853D-E4BB36EEFC8C}.AppStore|x64.Deploy.0 = Debug|Any CPU
		{29F1EA8F-A125-4C1B-853D-E4BB36EEFC8C}.AppStore|x86.ActiveCfg = Debug|Any CPU
		{29F1EA8F-A125-4C1B-853D-E4BB36EEFC8C}.AppStore|x86.Build.0 = Debug|Any CPU
		{29F1EA8F-A125-4C1B-853D-E4BB36EEFC8C}.AppStore|x86.Deploy.0 = Debug|Any CPU
		{29F1EA8F-A125-4C1B-853D-E4BB36EEFC8C}.Debug|Any CPU.ActiveCfg = Debug|Any CPU
		{29F1EA8F-A125-4C1B-853D-E4BB36EEFC8C}.Debug|Any CPU.Build.0 = Debug|Any CPU
		{29F1EA8F-A125-4C1B-853D-E4BB36EEFC8C}.Debug|Any CPU.Deploy.0 = Debug|Any CPU
		{29F1EA8F-A125-4C1B-853D-E4BB36EEFC8C}.Debug|ARM.ActiveCfg = Debug|Any CPU
		{29F1EA8F-A125-4C1B-853D-E4BB36EEFC8C}.Debug|ARM.Build.0 = Debug|Any CPU
		{29F1EA8F-A125-4C1B-853D-E4BB36EEFC8C}.Debug|ARM.Deploy.0 = Debug|Any CPU
		{29F1EA8F-A125-4C1B-853D-E4BB36EEFC8C}.Debug|iPhone.ActiveCfg = Debug|Any CPU
		{29F1EA8F-A125-4C1B-853D-E4BB36EEFC8C}.Debug|iPhone.Build.0 = Debug|Any CPU
		{29F1EA8F-A125-4C1B-853D-E4BB36EEFC8C}.Debug|iPhone.Deploy.0 = Debug|Any CPU
		{29F1EA8F-A125-4C1B-853D-E4BB36EEFC8C}.Debug|iPhoneSimulator.ActiveCfg = Debug|Any CPU
		{29F1EA8F-A125-4C1B-853D-E4BB36EEFC8C}.Debug|iPhoneSimulator.Build.0 = Debug|Any CPU
		{29F1EA8F-A125-4C1B-853D-E4BB36EEFC8C}.Debug|iPhoneSimulator.Deploy.0 = Debug|Any CPU
		{29F1EA8F-A125-4C1B-853D-E4BB36EEFC8C}.Debug|x64.ActiveCfg = Debug|Any CPU
		{29F1EA8F-A125-4C1B-853D-E4BB36EEFC8C}.Debug|x64.Build.0 = Debug|Any CPU
		{29F1EA8F-A125-4C1B-853D-E4BB36EEFC8C}.Debug|x64.Deploy.0 = Debug|Any CPU
		{29F1EA8F-A125-4C1B-853D-E4BB36EEFC8C}.Debug|x86.ActiveCfg = Debug|Any CPU
		{29F1EA8F-A125-4C1B-853D-E4BB36EEFC8C}.Debug|x86.Build.0 = Debug|Any CPU
		{29F1EA8F-A125-4C1B-853D-E4BB36EEFC8C}.Debug|x86.Deploy.0 = Debug|Any CPU
		{29F1EA8F-A125-4C1B-853D-E4BB36EEFC8C}.Release|Any CPU.ActiveCfg = Release|Any CPU
		{29F1EA8F-A125-4C1B-853D-E4BB36EEFC8C}.Release|Any CPU.Build.0 = Release|Any CPU
		{29F1EA8F-A125-4C1B-853D-E4BB36EEFC8C}.Release|Any CPU.Deploy.0 = Release|Any CPU
		{29F1EA8F-A125-4C1B-853D-E4BB36EEFC8C}.Release|ARM.ActiveCfg = Release|Any CPU
		{29F1EA8F-A125-4C1B-853D-E4BB36EEFC8C}.Release|ARM.Build.0 = Release|Any CPU
		{29F1EA8F-A125-4C1B-853D-E4BB36EEFC8C}.Release|ARM.Deploy.0 = Release|Any CPU
		{29F1EA8F-A125-4C1B-853D-E4BB36EEFC8C}.Release|iPhone.ActiveCfg = Release|Any CPU
		{29F1EA8F-A125-4C1B-853D-E4BB36EEFC8C}.Release|iPhone.Build.0 = Release|Any CPU
		{29F1EA8F-A125-4C1B-853D-E4BB36EEFC8C}.Release|iPhone.Deploy.0 = Release|Any CPU
		{29F1EA8F-A125-4C1B-853D-E4BB36EEFC8C}.Release|iPhoneSimulator.ActiveCfg = Release|Any CPU
		{29F1EA8F-A125-4C1B-853D-E4BB36EEFC8C}.Release|iPhoneSimulator.Build.0 = Release|Any CPU
		{29F1EA8F-A125-4C1B-853D-E4BB36EEFC8C}.Release|iPhoneSimulator.Deploy.0 = Release|Any CPU
		{29F1EA8F-A125-4C1B-853D-E4BB36EEFC8C}.Release|x64.ActiveCfg = Release|Any CPU
		{29F1EA8F-A125-4C1B-853D-E4BB36EEFC8C}.Release|x64.Build.0 = Release|Any CPU
		{29F1EA8F-A125-4C1B-853D-E4BB36EEFC8C}.Release|x64.Deploy.0 = Release|Any CPU
		{29F1EA8F-A125-4C1B-853D-E4BB36EEFC8C}.Release|x86.ActiveCfg = Release|Any CPU
		{29F1EA8F-A125-4C1B-853D-E4BB36EEFC8C}.Release|x86.Build.0 = Release|Any CPU
		{29F1EA8F-A125-4C1B-853D-E4BB36EEFC8C}.Release|x86.Deploy.0 = Release|Any CPU
	EndGlobalSection
	GlobalSection(SolutionProperties) = preSolution
		HideSolutionNode = FALSE
	EndGlobalSection
	GlobalSection(ExtensibilityGlobals) = postSolution
		SolutionGuid = {822E7A10-D85A-4383-B8C6-C13C048A62FE}
	EndGlobalSection
EndGlobal
